
Microsoft Visual Studio Solution File, Format Version 12.00
# Visual Studio Version 17
VisualStudioVersion = 17.4.33205.214
MinimumVisualStudioVersion = 10.0.40219.1
Project("{FAE04EC0-301F-11D3-BF4B-00C04F79EFBC}") = "AdventOfCode.Y2022.D05", "AdventOfCode.Y2022.D05.csproj", "{141325E5-DE34-4CDA-9D3D-7072986FFC3C}"
EndProject
Global
	GlobalSection(SolutionConfigurationPlatforms) = preSolution
		Debug|Any CPU = Debug|Any CPU
		Release|Any CPU = Release|Any CPU
	EndGlobalSection
	GlobalSection(ProjectConfigurationPlatforms) = postSolution
		{141325E5-DE34-4CDA-9D3D-7072986FFC3C}.Debug|Any CPU.ActiveCfg = Debug|Any CPU
		{141325E5-DE34-4CDA-9D3D-7072986FFC3C}.Debug|Any CPU.Build.0 = Debug|Any CPU
		{141325E5-DE34-4CDA-9D3D-7072986FFC3C}.Release|Any CPU.ActiveCfg = Release|Any CPU
		{141325E5-DE34-4CDA-9D3D-7072986FFC3C}.Release|Any CPU.Build.0 = Release|Any CPU
	EndGlobalSection
	GlobalSection(SolutionProperties) = preSolution
		HideSolutionNode = FALSE
	EndGlobalSection
	GlobalSection(ExtensibilityGlobals) = postSolution
		SolutionGuid = {049BD529-78A1-460D-8D0C-56C91197EC02}
	EndGlobalSection
EndGlobal
