
Microsoft Visual Studio Solution File, Format Version 12.00
# Visual Studio Version 17
VisualStudioVersion = 17.4.33205.214
MinimumVisualStudioVersion = 10.0.40219.1
Project("{FAE04EC0-301F-11D3-BF4B-00C04F79EFBC}") = "AdventOfCode.Y2022.D06", "AdventOfCode.Y2022.D06.csproj", "{75EC8E06-16E6-415B-B2BE-F12CAABFE909}"
EndProject
Global
	GlobalSection(SolutionConfigurationPlatforms) = preSolution
		Debug|Any CPU = Debug|Any CPU
		Release|Any CPU = Release|Any CPU
	EndGlobalSection
	GlobalSection(ProjectConfigurationPlatforms) = postSolution
		{75EC8E06-16E6-415B-B2BE-F12CAABFE909}.Debug|Any CPU.ActiveCfg = Debug|Any CPU
		{75EC8E06-16E6-415B-B2BE-F12CAABFE909}.Debug|Any CPU.Build.0 = Debug|Any CPU
		{75EC8E06-16E6-415B-B2BE-F12CAABFE909}.Release|Any CPU.ActiveCfg = Release|Any CPU
		{75EC8E06-16E6-415B-B2BE-F12CAABFE909}.Release|Any CPU.Build.0 = Release|Any CPU
	EndGlobalSection
	GlobalSection(SolutionProperties) = preSolution
		HideSolutionNode = FALSE
	EndGlobalSection
	GlobalSection(ExtensibilityGlobals) = postSolution
		SolutionGuid = {20624257-A348-4F76-8B9D-A56DDE0E4BDA}
	EndGlobalSection
EndGlobal
