
Microsoft Visual Studio Solution File, Format Version 12.00
# Visual Studio Version 17
VisualStudioVersion = 17.4.33205.214
MinimumVisualStudioVersion = 10.0.40219.1
Project("{FAE04EC0-301F-11D3-BF4B-00C04F79EFBC}") = "AdventOfCode.Y2022.D02", "AdventOfCode.Y2022.D02.csproj", "{A87BB15F-C07C-46BA-904C-23E0EACF92A8}"
EndProject
Global
	GlobalSection(SolutionConfigurationPlatforms) = preSolution
		Debug|Any CPU = Debug|Any CPU
		Release|Any CPU = Release|Any CPU
	EndGlobalSection
	GlobalSection(ProjectConfigurationPlatforms) = postSolution
		{A87BB15F-C07C-46BA-904C-23E0EACF92A8}.Debug|Any CPU.ActiveCfg = Debug|Any CPU
		{A87BB15F-C07C-46BA-904C-23E0EACF92A8}.Debug|Any CPU.Build.0 = Debug|Any CPU
		{A87BB15F-C07C-46BA-904C-23E0EACF92A8}.Release|Any CPU.ActiveCfg = Release|Any CPU
		{A87BB15F-C07C-46BA-904C-23E0EACF92A8}.Release|Any CPU.Build.0 = Release|Any CPU
	EndGlobalSection
	GlobalSection(SolutionProperties) = preSolution
		HideSolutionNode = FALSE
	EndGlobalSection
	GlobalSection(ExtensibilityGlobals) = postSolution
		SolutionGuid = {941517A0-D953-4FB4-B6F8-CB8CBE9B92F8}
	EndGlobalSection
EndGlobal
